[root]
name = "rtl-scanner"
version = "0.1.0"
dependencies = [
 "qml 0.0.7 (git+https://github.com/White-Oak/qml-rust?rev=6ebb045)",
 "rtlsdr 0.1.4 (registry+https://github.com/rust-lang/crates.io-index)",
]

[[package]]
name = "lazy_static"
version = "0.2.1"
source = "registry+https://github.com/rust-lang/crates.io-index"

[[package]]
name = "libc"
version = "0.2.10"
source = "registry+https://github.com/rust-lang/crates.io-index"

[[package]]
name = "qml"
version = "0.0.7"
source = "git+https://github.com/White-Oak/qml-rust?rev=6ebb045#6ebb0450abe84d8e12ad8c2a0e037e8eb9a45545"
dependencies = [
 "lazy_static 0.2.1 (registry+https://github.com/rust-lang/crates.io-index)",
 "libc 0.2.10 (registry+https://github.com/rust-lang/crates.io-index)",
]

[[package]]
name = "rtlsdr"
version = "0.1.4"
source = "registry+https://github.com/rust-lang/crates.io-index"
dependencies = [
 "libc 0.2.10 (registry+https://github.com/rust-lang/crates.io-index)",
]

[metadata]
"checksum lazy_static 0.2.1 (registry+https://github.com/rust-lang/crates.io-index)" = "49247ec2a285bb3dcb23cbd9c35193c025e7251bfce77c1d5da97e6362dffe7f"
"checksum libc 0.2.10 (registry+https://github.com/rust-lang/crates.io-index)" = "55f3730be7e803cf350d32061958171731c2395831fbd67a61083782808183e0"
"checksum qml 0.0.7 (git+https://github.com/White-Oak/qml-rust?rev=6ebb045)" = "<none>"
"checksum rtlsdr 0.1.4 (registry+https://github.com/rust-lang/crates.io-index)" = "136ba5e46b0edd188e277916fed8f5a7f6810622ec49e03831244f79c7cdfb3e"
